<?xml version="1.0" encoding="utf-8"?>
<Project ToolsVersion="4.0" xmlns="http://schemas.microsoft.com/developer/msbuild/2003">
  <ItemGroup>
    <Filter Include="Source Files">
      <UniqueIdentifier>{5752cc99-98b5-4cfc-a414-c65f9e194abd}</UniqueIdentifier>
      <Extensions>cpp;c;cxx;rc;def;r;odl;idl;hpj;bat</Extensions>
    </Filter>
    <Filter Include="Header Files">
      <UniqueIdentifier>{4da9be66-1768-4a20-be9d-4d3a12ac9426}</UniqueIdentifier>
      <Extensions>h;hpp;hxx;hm;inl</Extensions>
    </Filter>
    <Filter Include="Resource Files">
      <UniqueIdentifier>{71c885b8-142a-40ac-8057-faac8fb9b05a}</UniqueIdentifier>
      <Extensions>ico;cur;bmp;dlg;rc2;rct;bin;rgs;gif;jpg;jpeg;jpe</Extensions>
    </Filter>
  </ItemGroup>
  <ItemGroup>
    <ClCompile Include="source\main.cpp">
      <Filter>Source Files</Filter>
    </ClCompile>
    <ClCompile Include="source\test.cpp">
      <Filter>Source Files</Filter>
    </ClCompile>
    <ClCompile Include="source\TestAudioConvert.cpp">
      <Filter>Source Files</Filter>
    </ClCompile>
    <ClCompile Include="source\TestAVIReadIndex.cpp">
      <Filter>Source Files</Filter>
    </ClCompile>
    <ClCompile Include="source\TestBufferedStream.cpp">
      <Filter>Source Files</Filter>
    </ClCompile>
    <ClCompile Include="source\TestDeque.cpp">
      <Filter>Source Files</Filter>
    </ClCompile>
    <ClCompile Include="source\TestDistributedJobQueue.cpp">
      <Filter>Source Files</Filter>
    </ClCompile>
    <ClCompile Include="source\TestFilesys.cpp">
      <Filter>Source Files</Filter>
    </ClCompile>
    <ClCompile Include="source\TestFraction.cpp">
      <Filter>Source Files</Filter>
    </ClCompile>
    <ClCompile Include="source\TestHalfFloat.cpp">
      <Filter>Source Files</Filter>
    </ClCompile>
    <ClCompile Include="source\TestMath.cpp">
      <Filter>Source Files</Filter>
    </ClCompile>
    <ClCompile Include="source\TestParameterCurve.cpp">
      <Filter>Source Files</Filter>
    </ClCompile>
    <ClCompile Include="source\TestPixel.cpp">
      <Filter>Source Files</Filter>
    </ClCompile>
    <ClCompile Include="source\TestPixmap.cpp">
      <Filter>Source Files</Filter>
    </ClCompile>
    <ClCompile Include="source\TestResampler.cpp">
      <Filter>Source Files</Filter>
    </ClCompile>
    <ClCompile Include="source\TestSpanUtils.cpp">
      <Filter>Source Files</Filter>
    </ClCompile>
    <ClCompile Include="source\TestString.cpp">
      <Filter>Source Files</Filter>
    </ClCompile>
    <ClCompile Include="source\TestSynchronization.cpp">
      <Filter>Source Files</Filter>
    </ClCompile>
    <ClCompile Include="source\TestUberblit.cpp">
      <Filter>Source Files</Filter>
    </ClCompile>
    <ClCompile Include="source\TestUberblitPerf.cpp">
      <Filter>Source Files</Filter>
    </ClCompile>
    <ClCompile Include="source\TestVector.cpp">
      <Filter>Source Files</Filter>
    </ClCompile>
    <ClCompile Include="source\TestVector2.cpp">
      <Filter>Source Files</Filter>
    </ClCompile>
  </ItemGroup>
  <ItemGroup>
    <ClInclude Include="h\test.h">
      <Filter>Header Files</Filter>
    </ClInclude>
  </ItemGroup>
</Project>