<?xml version="1.0" encoding="utf-8"?>
<Project ToolsVersion="4.0" xmlns="http://schemas.microsoft.com/developer/msbuild/2003">
  <ItemGroup>
    <Filter Include="Source Files">
      <UniqueIdentifier>{00442162-336d-474e-86a7-38f2a5c7fefe}</UniqueIdentifier>
      <Extensions>cpp;c;cxx;rc;def;r;odl;idl;hpj;bat</Extensions>
    </Filter>
    <Filter Include="Header Files">
      <UniqueIdentifier>{8425d8e3-a65e-40cf-884b-410d049c7698}</UniqueIdentifier>
      <Extensions>h;hpp;hxx;hm;inl</Extensions>
    </Filter>
    <Filter Include="Resource Files">
      <UniqueIdentifier>{73acffb1-8212-48b9-a4fb-23814cbe53ce}</UniqueIdentifier>
      <Extensions>ico;cur;bmp;dlg;rc2;rct;bin;rgs;gif;jpg;jpeg;jpe</Extensions>
    </Filter>
    <Filter Include="Precompiled Header Files">
      <UniqueIdentifier>{e8b3dee9-c1f2-4c26-874d-d7818ccd6b14}</UniqueIdentifier>
    </Filter>
  </ItemGroup>
  <ItemGroup>
    <ClCompile Include="source\checkimports.cpp">
      <Filter>Source Files</Filter>
    </ClCompile>
    <ClCompile Include="source\filecreator.cpp">
      <Filter>Source Files</Filter>
    </ClCompile>
    <ClCompile Include="source\fontencode.cpp">
      <Filter>Source Files</Filter>
    </ClCompile>
    <ClCompile Include="source\fontextract.cpp">
      <Filter>Source Files</Filter>
    </ClCompile>
    <ClCompile Include="source\fxc.cpp">
      <Filter>Source Files</Filter>
    </ClCompile>
    <ClCompile Include="source\fxc10.cpp">
      <Filter>Source Files</Filter>
    </ClCompile>
    <ClCompile Include="source\glc.cpp">
      <Filter>Source Files</Filter>
    </ClCompile>
    <ClCompile Include="source\glc_atifs.cpp">
      <Filter>Source Files</Filter>
    </ClCompile>
    <ClCompile Include="source\glc_nvrc.cpp">
      <Filter>Source Files</Filter>
    </ClCompile>
    <ClCompile Include="source\hash.cpp">
      <Filter>Source Files</Filter>
    </ClCompile>
    <ClCompile Include="source\lookup.cpp">
      <Filter>Source Files</Filter>
    </ClCompile>
    <ClCompile Include="source\main.cpp">
      <Filter>Source Files</Filter>
    </ClCompile>
    <ClCompile Include="source\makearray.cpp">
      <Filter>Source Files</Filter>
    </ClCompile>
    <ClCompile Include="source\maketables.cpp">
      <Filter>Source Files</Filter>
    </ClCompile>
    <ClCompile Include="source\mapconv.cpp">
      <Filter>Source Files</Filter>
    </ClCompile>
    <ClCompile Include="source\psa.cpp">
      <Filter>Source Files</Filter>
    </ClCompile>
    <ClCompile Include="source\snapsetup.cpp">
      <Filter>Source Files</Filter>
    </ClCompile>
    <ClCompile Include="source\symbols.cpp">
      <Filter>Source Files</Filter>
    </ClCompile>
    <ClCompile Include="source\utils.cpp">
      <Filter>Source Files</Filter>
    </ClCompile>
    <ClCompile Include="source\verinc.cpp">
      <Filter>Source Files</Filter>
    </ClCompile>
    <ClCompile Include="source\stdafx.cpp">
      <Filter>Precompiled Header Files</Filter>
    </ClCompile>
  </ItemGroup>
  <ItemGroup>
    <ClInclude Include="h\filecreator.h">
      <Filter>Header Files</Filter>
    </ClInclude>
    <ClInclude Include="h\glc.h">
      <Filter>Header Files</Filter>
    </ClInclude>
    <ClInclude Include="res\resource.h">
      <Filter>Header Files</Filter>
    </ClInclude>
    <ClInclude Include="h\symbols.h">
      <Filter>Header Files</Filter>
    </ClInclude>
    <ClInclude Include="h\utils.h">
      <Filter>Header Files</Filter>
    </ClInclude>
    <ClInclude Include="h\stdafx.h">
      <Filter>Precompiled Header Files</Filter>
    </ClInclude>
  </ItemGroup>
  <ItemGroup>
    <ResourceCompile Include="res\Asuka.rc">
      <Filter>Resource Files</Filter>
    </ResourceCompile>
  </ItemGroup>
</Project>