<?xml version="1.0" encoding="utf-8"?>
<Project ToolsVersion="4.0" xmlns="http://schemas.microsoft.com/developer/msbuild/2003">
  <ItemGroup>
    <Filter Include="Source Files">
      <UniqueIdentifier>{a7d54fba-38ca-41fc-913e-c8c3358a285a}</UniqueIdentifier>
      <Extensions>cpp;c;cxx;rc;def;r;odl;idl;hpj;bat</Extensions>
    </Filter>
    <Filter Include="Resource Files">
      <UniqueIdentifier>{4c2501e4-c185-4ce3-9610-63d0310fb841}</UniqueIdentifier>
      <Extensions>ico;cur;bmp;dlg;rc2;rct;bin;rgs;gif;jpg;jpeg;jpe</Extensions>
    </Filter>
    <Filter Include="Header Files">
      <UniqueIdentifier>{521f44c9-2d4b-4ab4-8e06-8c3ba6897fd5}</UniqueIdentifier>
      <Extensions>h;hpp;hxx;hm;inl</Extensions>
    </Filter>
  </ItemGroup>
  <ItemGroup>
    <ClCompile Include="source\encoder_dasm.cpp">
      <Filter>Source Files</Filter>
    </ClCompile>
    <ClCompile Include="source\encoder_tracedec.cpp">
      <Filter>Source Files</Filter>
    </ClCompile>
    <ClCompile Include="main.cpp">
      <Filter>Source Files</Filter>
    </ClCompile>
    <ClCompile Include="source\parser.cpp">
      <Filter>Source Files</Filter>
    </ClCompile>
    <ClCompile Include="source\runtime_dasm.cpp">
      <Filter>Source Files</Filter>
    </ClCompile>
    <ClCompile Include="source\runtime_tracedec.cpp">
      <Filter>Source Files</Filter>
    </ClCompile>
    <ClCompile Include="source\utils.cpp">
      <Filter>Source Files</Filter>
    </ClCompile>
  </ItemGroup>
  <ItemGroup>
    <Text Include="amd64.txt">
      <Filter>Resource Files</Filter>
    </Text>
    <Text Include="ia32.txt">
      <Filter>Resource Files</Filter>
    </Text>
    <Text Include="readme.txt" />
  </ItemGroup>
  <ItemGroup>
    <ClInclude Include="h\ruleset.h">
      <Filter>Header Files</Filter>
    </ClInclude>
    <ClInclude Include="h\runtime_dasm.h">
      <Filter>Header Files</Filter>
    </ClInclude>
    <ClInclude Include="h\runtime_tracedec.h">
      <Filter>Header Files</Filter>
    </ClInclude>
    <ClInclude Include="h\utils.h">
      <Filter>Header Files</Filter>
    </ClInclude>
  </ItemGroup>
</Project>