<?xml version="1.0" encoding="utf-8"?>
<Project ToolsVersion="4.0" xmlns="http://schemas.microsoft.com/developer/msbuild/2003">
  <ItemGroup>
    <Filter Include="Source Files">
      <UniqueIdentifier>{4FC737F1-C7A5-4376-A066-2A32D752A2FF}</UniqueIdentifier>
      <Extensions>cpp;c;cc;cxx;def;odl;idl;hpj;bat;asm;asmx</Extensions>
    </Filter>
    <Filter Include="Source Files\D3D9">
      <UniqueIdentifier>{0d28695b-131b-4cb1-8389-49c4518d331b}</UniqueIdentifier>
    </Filter>
    <Filter Include="Source Files\D3D11">
      <UniqueIdentifier>{b8895113-b2af-444c-b09f-53f2dfd1b7bb}</UniqueIdentifier>
    </Filter>
    <Filter Include="Resource Files">
      <UniqueIdentifier>{67DA6AB6-F800-4c08-8B7A-83BB121AAD01}</UniqueIdentifier>
      <Extensions>rc;ico;cur;bmp;dlg;rc2;rct;bin;rgs;gif;jpg;jpeg;jpe;resx;tiff;tif;png;wav</Extensions>
    </Filter>
    <Filter Include="Precompiled Header Files">
      <UniqueIdentifier>{b55ea0e5-8f98-4c0e-bc3e-1f62ab8eb3a3}</UniqueIdentifier>
    </Filter>
    <Filter Include="Interface Header Files">
      <UniqueIdentifier>{3e60a64b-94cb-4a16-b8e8-e63689fd9ff7}</UniqueIdentifier>
    </Filter>
    <Filter Include="Header Files">
      <UniqueIdentifier>{93995380-89BD-4b04-88EB-625FBE52EBFB}</UniqueIdentifier>
      <Extensions>h;hpp;hxx;hm;inl;inc;xsd</Extensions>
    </Filter>
    <Filter Include="Header Files\D3D9">
      <UniqueIdentifier>{c8c65807-421a-493f-b8ee-917c18f689b3}</UniqueIdentifier>
    </Filter>
    <Filter Include="Header Files\D3D11">
      <UniqueIdentifier>{17249d60-4b33-4c77-970d-e9a0290a6a2d}</UniqueIdentifier>
    </Filter>
  </ItemGroup>
  <ItemGroup>
    <ClCompile Include="source\Context.cpp">
      <Filter>Source Files</Filter>
    </ClCompile>
    <ClCompile Include="source\Format.cpp">
      <Filter>Source Files</Filter>
    </ClCompile>
    <ClCompile Include="source\Program.cpp">
      <Filter>Source Files</Filter>
    </ClCompile>
    <ClCompile Include="source\D3D9\Context_D3D9.cpp">
      <Filter>Source Files\D3D9</Filter>
    </ClCompile>
    <ClCompile Include="source\D3D9\FenceManager_D3D9.cpp">
      <Filter>Source Files\D3D9</Filter>
    </ClCompile>
    <ClCompile Include="source\D3D11\Context_D3D11.cpp">
      <Filter>Source Files\D3D11</Filter>
    </ClCompile>
    <ClCompile Include="source\D3D11\FenceManager_D3D11.cpp">
      <Filter>Source Files\D3D11</Filter>
    </ClCompile>
    <ClCompile Include="source\stdafx.cpp">
      <Filter>Precompiled Header Files</Filter>
    </ClCompile>
  </ItemGroup>
  <ItemGroup>
    <ClInclude Include="h\stdafx.h">
      <Filter>Precompiled Header Files</Filter>
    </ClInclude>
    <ClInclude Include="..\h\vd2\Tessa\Context.h">
      <Filter>Interface Header Files</Filter>
    </ClInclude>
    <ClInclude Include="..\h\vd2\Tessa\Format.h">
      <Filter>Interface Header Files</Filter>
    </ClInclude>
    <ClInclude Include="..\h\vd2\Tessa\Types.h">
      <Filter>Interface Header Files</Filter>
    </ClInclude>
    <ClInclude Include="h\Program.h">
      <Filter>Header Files</Filter>
    </ClInclude>
    <ClInclude Include="h\D3D9\Context_D3D9.h">
      <Filter>Header Files\D3D9</Filter>
    </ClInclude>
    <ClInclude Include="h\D3D9\FenceManager_D3D9.h">
      <Filter>Header Files\D3D9</Filter>
    </ClInclude>
    <ClInclude Include="h\D3D11\Context_D3D11.h">
      <Filter>Header Files\D3D11</Filter>
    </ClInclude>
    <ClInclude Include="h\D3D11\FenceManager_D3D11.h">
      <Filter>Header Files\D3D11</Filter>
    </ClInclude>
  </ItemGroup>
</Project>